
Microsoft Visual Studio Solution File, Format Version 12.00
# Visual Studio Version 16
VisualStudioVersion = 16.0.30907.101
MinimumVisualStudioVersion = 10.0.40219.1
Project("{FAE04EC0-301F-11D3-BF4B-00C04F79EFBC}") = "Ony.OxygenNotIncluded.Lib", "Ony.OxygenNotIncluded.Lib/Ony.OxygenNotIncluded.Lib.csproj", "{2070F6DF-EDED-4FDC-B4E3-76096FE939B4}"
EndProject
Global
	GlobalSection(SolutionConfigurationPlatforms) = preSolution
		Debug|Any CPU = Debug|Any CPU
		Release|Any CPU = Release|Any CPU
	EndGlobalSection
	GlobalSection(ProjectConfigurationPlatforms) = postSolution
		{2070F6DF-EDED-4FDC-B4E3-76096FE939B4}.Debug|Any CPU.ActiveCfg = Debug|Any CPU
		{2070F6DF-EDED-4FDC-B4E3-76096FE939B4}.Debug|Any CPU.Build.0 = Debug|Any CPU
		{2070F6DF-EDED-4FDC-B4E3-76096FE939B4}.Release|Any CPU.ActiveCfg = Release|Any CPU
		{2070F6DF-EDED-4FDC-B4E3-76096FE939B4}.Release|Any CPU.Build.0 = Release|Any CPU
	EndGlobalSection
	GlobalSection(SolutionProperties) = preSolution
		HideSolutionNode = FALSE
	EndGlobalSection
	GlobalSection(ExtensibilityGlobals) = postSolution
		SolutionGuid = {1131B5D7-418C-48FA-833E-7145D44365EB}
	EndGlobalSection
EndGlobal
